
Microsoft Visual Studio Solution File, Format Version 12.00
Project("{FAE04EC0-301F-11D3-BF4B-00C04F79EFBC}") = "Task1", "Task1\Task1.csproj", "{536FF5AE-A3A7-4A58-9701-D6A9D92CD3BA}"
EndProject
Project("{FAE04EC0-301F-11D3-BF4B-00C04F79EFBC}") = "Task2", "Task2\Task2.csproj", "{089FB6BD-BA31-4BB3-BB0E-EDAA54686557}"
EndProject
Project("{FAE04EC0-301F-11D3-BF4B-00C04F79EFBC}") = "Task3", "Task3\Task3.csproj", "{16A5B2A8-7A53-4034-BEF3-2786090DC82F}"
EndProject
Project("{FAE04EC0-301F-11D3-BF4B-00C04F79EFBC}") = "Task3_2", "Task3_2\Task3_2.csproj", "{9FDE8D75-D271-4391-A4C2-EA801664C664}"
EndProject
Project("{FAE04EC0-301F-11D3-BF4B-00C04F79EFBC}") = "Task4", "Task4\Task4.csproj", "{A025185D-9547-4E34-B1FD-1471F5A4C5CA}"
EndProject
Project("{FAE04EC0-301F-11D3-BF4B-00C04F79EFBC}") = "Task4_2", "Task4_2\Task4_2.csproj", "{E7016EAD-894A-48D2-8277-848756A3320E}"
EndProject
Project("{FAE04EC0-301F-11D3-BF4B-00C04F79EFBC}") = "Task5", "Task5\Task5.csproj", "{0AB2797C-8CB0-4593-8C37-D31F8FE22473}"
EndProject
Project("{FAE04EC0-301F-11D3-BF4B-00C04F79EFBC}") = "Task5_2", "Task5_2\Task5_2.csproj", "{74218934-EC8B-4EB7-BE89-F0453B437BAC}"
EndProject
Project("{FAE04EC0-301F-11D3-BF4B-00C04F79EFBC}") = "Task5_3", "Task5_3\Task5_3.csproj", "{39B958DB-8528-40C4-853E-9E88566E6743}"
EndProject
Project("{FAE04EC0-301F-11D3-BF4B-00C04F79EFBC}") = "Task6", "Task6\Task6.csproj", "{A67FCFBE-8822-428A-80B0-6B7EDE6B1C94}"
EndProject
Global
	GlobalSection(SolutionConfigurationPlatforms) = preSolution
		Debug|Any CPU = Debug|Any CPU
		Release|Any CPU = Release|Any CPU
	EndGlobalSection
	GlobalSection(ProjectConfigurationPlatforms) = postSolution
		{536FF5AE-A3A7-4A58-9701-D6A9D92CD3BA}.Debug|Any CPU.ActiveCfg = Debug|Any CPU
		{536FF5AE-A3A7-4A58-9701-D6A9D92CD3BA}.Debug|Any CPU.Build.0 = Debug|Any CPU
		{536FF5AE-A3A7-4A58-9701-D6A9D92CD3BA}.Release|Any CPU.ActiveCfg = Release|Any CPU
		{536FF5AE-A3A7-4A58-9701-D6A9D92CD3BA}.Release|Any CPU.Build.0 = Release|Any CPU
		{089FB6BD-BA31-4BB3-BB0E-EDAA54686557}.Debug|Any CPU.ActiveCfg = Debug|Any CPU
		{089FB6BD-BA31-4BB3-BB0E-EDAA54686557}.Debug|Any CPU.Build.0 = Debug|Any CPU
		{089FB6BD-BA31-4BB3-BB0E-EDAA54686557}.Release|Any CPU.ActiveCfg = Release|Any CPU
		{089FB6BD-BA31-4BB3-BB0E-EDAA54686557}.Release|Any CPU.Build.0 = Release|Any CPU
		{16A5B2A8-7A53-4034-BEF3-2786090DC82F}.Debug|Any CPU.ActiveCfg = Debug|Any CPU
		{16A5B2A8-7A53-4034-BEF3-2786090DC82F}.Debug|Any CPU.Build.0 = Debug|Any CPU
		{16A5B2A8-7A53-4034-BEF3-2786090DC82F}.Release|Any CPU.ActiveCfg = Release|Any CPU
		{16A5B2A8-7A53-4034-BEF3-2786090DC82F}.Release|Any CPU.Build.0 = Release|Any CPU
		{9FDE8D75-D271-4391-A4C2-EA801664C664}.Debug|Any CPU.ActiveCfg = Debug|Any CPU
		{9FDE8D75-D271-4391-A4C2-EA801664C664}.Debug|Any CPU.Build.0 = Debug|Any CPU
		{9FDE8D75-D271-4391-A4C2-EA801664C664}.Release|Any CPU.ActiveCfg = Release|Any CPU
		{9FDE8D75-D271-4391-A4C2-EA801664C664}.Release|Any CPU.Build.0 = Release|Any CPU
		{A025185D-9547-4E34-B1FD-1471F5A4C5CA}.Debug|Any CPU.ActiveCfg = Debug|Any CPU
		{A025185D-9547-4E34-B1FD-1471F5A4C5CA}.Debug|Any CPU.Build.0 = Debug|Any CPU
		{A025185D-9547-4E34-B1FD-1471F5A4C5CA}.Release|Any CPU.ActiveCfg = Release|Any CPU
		{A025185D-9547-4E34-B1FD-1471F5A4C5CA}.Release|Any CPU.Build.0 = Release|Any CPU
		{E7016EAD-894A-48D2-8277-848756A3320E}.Debug|Any CPU.ActiveCfg = Debug|Any CPU
		{E7016EAD-894A-48D2-8277-848756A3320E}.Debug|Any CPU.Build.0 = Debug|Any CPU
		{E7016EAD-894A-48D2-8277-848756A3320E}.Release|Any CPU.ActiveCfg = Release|Any CPU
		{E7016EAD-894A-48D2-8277-848756A3320E}.Release|Any CPU.Build.0 = Release|Any CPU
		{0AB2797C-8CB0-4593-8C37-D31F8FE22473}.Debug|Any CPU.ActiveCfg = Debug|Any CPU
		{0AB2797C-8CB0-4593-8C37-D31F8FE22473}.Debug|Any CPU.Build.0 = Debug|Any CPU
		{0AB2797C-8CB0-4593-8C37-D31F8FE22473}.Release|Any CPU.ActiveCfg = Release|Any CPU
		{0AB2797C-8CB0-4593-8C37-D31F8FE22473}.Release|Any CPU.Build.0 = Release|Any CPU
		{74218934-EC8B-4EB7-BE89-F0453B437BAC}.Debug|Any CPU.ActiveCfg = Debug|Any CPU
		{74218934-EC8B-4EB7-BE89-F0453B437BAC}.Debug|Any CPU.Build.0 = Debug|Any CPU
		{74218934-EC8B-4EB7-BE89-F0453B437BAC}.Release|Any CPU.ActiveCfg = Release|Any CPU
		{74218934-EC8B-4EB7-BE89-F0453B437BAC}.Release|Any CPU.Build.0 = Release|Any CPU
		{39B958DB-8528-40C4-853E-9E88566E6743}.Debug|Any CPU.ActiveCfg = Debug|Any CPU
		{39B958DB-8528-40C4-853E-9E88566E6743}.Debug|Any CPU.Build.0 = Debug|Any CPU
		{39B958DB-8528-40C4-853E-9E88566E6743}.Release|Any CPU.ActiveCfg = Release|Any CPU
		{39B958DB-8528-40C4-853E-9E88566E6743}.Release|Any CPU.Build.0 = Release|Any CPU
		{A67FCFBE-8822-428A-80B0-6B7EDE6B1C94}.Debug|Any CPU.ActiveCfg = Debug|Any CPU
		{A67FCFBE-8822-428A-80B0-6B7EDE6B1C94}.Debug|Any CPU.Build.0 = Debug|Any CPU
		{A67FCFBE-8822-428A-80B0-6B7EDE6B1C94}.Release|Any CPU.ActiveCfg = Release|Any CPU
		{A67FCFBE-8822-428A-80B0-6B7EDE6B1C94}.Release|Any CPU.Build.0 = Release|Any CPU
	EndGlobalSection
EndGlobal
